// !$*UTF8*$!
{
	archiveVersion = 1;
	classes = {
	};
	objectVersion = 46;
	objects = {

/* Begin PBXBuildFile section */
		848082E31C21309200EEC8E6 /* AppDelegate.swift in Sources */ = {isa = PBXBuildFile; fileRef = 848082E21C21309200EEC8E6 /* AppDelegate.swift */; };
		848082ED1C21309200EEC8E6 /* LaunchScreen.storyboard in Resources */ = {isa = PBXBuildFile; fileRef = 848082EB1C21309200EEC8E6 /* LaunchScreen.storyboard */; };
		848082FE1C21346900EEC8E6 /* Assets.xcassets in Resources */ = {isa = PBXBuildFile; fileRef = 848082FD1C21346900EEC8E6 /* Assets.xcassets */; settings = {ASSET_TAGS = (); }; };
		848083021C2134E900EEC8E6 /* ScreenSettingswift.swift in Sources */ = {isa = PBXBuildFile; fileRef = 848083011C2134E900EEC8E6 /* ScreenSettingswift.swift */; settings = {ASSET_TAGS = (); }; };
		848083041C2135A900EEC8E6 /* DCMainPage.swift in Sources */ = {isa = PBXBuildFile; fileRef = 848083031C2135A900EEC8E6 /* DCMainPage.swift */; settings = {ASSET_TAGS = (); }; };
/* End PBXBuildFile section */

/* Begin PBXFileReference section */
		848082DF1C21309200EEC8E6 /* NewsReader.app */ = {isa = PBXFileReference; explicitFileType = wrapper.application; includeInIndex = 0; path = NewsReader.app; sourceTree = BUILT_PRODUCTS_DIR; };
		848082E21C21309200EEC8E6 /* AppDelegate.swift */ = {isa = PBXFileReference; lastKnownFileType = sourcecode.swift; path = AppDelegate.swift; sourceTree = "<group>"; };
		848082EC1C21309200EEC8E6 /* Base */ = {isa = PBXFileReference; lastKnownFileType = file.storyboard; name = Base; path = Base.lproj/LaunchScreen.storyboard; sourceTree = "<group>"; };
		848082EE1C21309200EEC8E6 /* Info.plist */ = {isa = PBXFileReference; lastKnownFileType = text.plist.xml; path = Info.plist; sourceTree = "<group>"; };
		848082FD1C21346900EEC8E6 /* Assets.xcassets */ = {isa = PBXFileReference; lastKnownFileType = folder.assetcatalog; path = Assets.xcassets; sourceTree = "<group>"; };
		848083011C2134E900EEC8E6 /* ScreenSettingswift.swift */ = {isa = PBXFileReference; fileEncoding = 4; lastKnownFileType = sourcecode.swift; path = ScreenSettingswift.swift; sourceTree = "<group>"; };
		848083031C2135A900EEC8E6 /* DCMainPage.swift */ = {isa = PBXFileReference; fileEncoding = 4; lastKnownFileType = sourcecode.swift; path = DCMainPage.swift; sourceTree = "<group>"; };
/* End PBXFileReference section */

/* Begin PBXFrameworksBuildPhase section */
		848082DC1C21309200EEC8E6 /* Frameworks */ = {
			isa = PBXFrameworksBuildPhase;
			buildActionMask = 2147483647;
			files = (
			);
			runOnlyForDeploymentPostprocessing = 0;
		};
/* End PBXFrameworksBuildPhase section */

/* Begin PBXGroup section */
		848082D61C21309200EEC8E6 = {
			isa = PBXGroup;
			children = (
				848082E11C21309200EEC8E6 /* NewsReader */,
				848082E01C21309200EEC8E6 /* Products */,
			);
			sourceTree = "<group>";
		};
		848082E01C21309200EEC8E6 /* Products */ = {
			isa = PBXGroup;
			children = (
				848082DF1C21309200EEC8E6 /* NewsReader.app */,
			);
			name = Products;
			sourceTree = "<group>";
		};
		848082E11C21309200EEC8E6 /* NewsReader */ = {
			isa = PBXGroup;
			children = (
				848082F41C21343800EEC8E6 /* Controller */,
				848082F81C21344B00EEC8E6 /* DB */,
				848082F91C21345300EEC8E6 /* Global */,
				848082FA1C21345700EEC8E6 /* Model */,
				848082FB1C21346300EEC8E6 /* Network */,
				848082FC1C21346900EEC8E6 /* Resources */,
				848082FF1C21346F00EEC8E6 /* ThirdSDK */,
				848083001C21347E00EEC8E6 /* Utility */,
				848082E21C21309200EEC8E6 /* AppDelegate.swift */,
				848082EB1C21309200EEC8E6 /* LaunchScreen.storyboard */,
				848082EE1C21309200EEC8E6 /* Info.plist */,
			);
			path = NewsReader;
			sourceTree = "<group>";
		};
		848082F41C21343800EEC8E6 /* Controller */ = {
			isa = PBXGroup;
			children = (
				848082F51C21343800EEC8E6 /* Cell */,
				848082F61C21343800EEC8E6 /* Page */,
				848082F71C21343800EEC8E6 /* Widget */,
			);
			path = Controller;
			sourceTree = "<group>";
		};
		848082F51C21343800EEC8E6 /* Cell */ = {
			isa = PBXGroup;
			children = (
			);
			path = Cell;
			sourceTree = "<group>";
		};
		848082F61C21343800EEC8E6 /* Page */ = {
			isa = PBXGroup;
			children = (
				848083031C2135A900EEC8E6 /* DCMainPage.swift */,
			);
			path = Page;
			sourceTree = "<group>";
		};
		848082F71C21343800EEC8E6 /* Widget */ = {
			isa = PBXGroup;
			children = (
			);
			path = Widget;
			sourceTree = "<group>";
		};
		848082F81C21344B00EEC8E6 /* DB */ = {
			isa = PBXGroup;
			children = (
			);
			path = DB;
			sourceTree = "<group>";
		};
		848082F91C21345300EEC8E6 /* Global */ = {
			isa = PBXGroup;
			children = (
				848083011C2134E900EEC8E6 /* ScreenSettingswift.swift */,
			);
			path = Global;
			sourceTree = "<group>";
		};
		848082FA1C21345700EEC8E6 /* Model */ = {
			isa = PBXGroup;
			children = (
			);
			path = Model;
			sourceTree = "<group>";
		};
		848082FB1C21346300EEC8E6 /* Network */ = {
			isa = PBXGroup;
			children = (
			);
			path = Network;
			sourceTree = "<group>";
		};
		848082FC1C21346900EEC8E6 /* Resources */ = {
			isa = PBXGroup;
			children = (
				848082FD1C21346900EEC8E6 /* Assets.xcassets */,
			);
			path = Resources;
			sourceTree = "<group>";
		};
		848082FF1C21346F00EEC8E6 /* ThirdSDK */ = {
			isa = PBXGroup;
			children = (
			);
			path = ThirdSDK;
			sourceTree = "<group>";
		};
		848083001C21347E00EEC8E6 /* Utility */ = {
			isa = PBXGroup;
			children = (
			);
			path = Utility;
			sourceTree = "<group>";
		};
/* End PBXGroup section */

/* Begin PBXNativeTarget section */
		848082DE1C21309200EEC8E6 /* NewsReader */ = {
			isa = PBXNativeTarget;
			buildConfigurationList = 848082F11C21309200EEC8E6 /* Build configuration list for PBXNativeTarget "NewsReader" */;
			buildPhases = (
				848082DB1C21309200EEC8E6 /* Sources */,
				848082DC1C21309200EEC8E6 /* Frameworks */,
				848082DD1C21309200EEC8E6 /* Resources */,
			);
			buildRules = (
			);
			dependencies = (
			);
			name = NewsReader;
			productName = NewsReader;
			productReference = 848082DF1C21309200EEC8E6 /* NewsReader.app */;
			productType = "com.apple.product-type.application";
		};
/* End PBXNativeTarget section */

/* Begin PBXProject section */
		848082D71C21309200EEC8E6 /* Project object */ = {
			isa = PBXProject;
			attributes = {
				CLASSPREFIX = DC;
				LastUpgradeCheck = 0700;
				ORGANIZATIONNAME = name;
				TargetAttributes = {
					848082DE1C21309200EEC8E6 = {
						CreatedOnToolsVersion = 7.0;
						DevelopmentTeam = MABMSRRB25;
					};
				};
			};
			buildConfigurationList = 848082DA1C21309200EEC8E6 /* Build configuration list for PBXProject "NewsReader" */;
			compatibilityVersion = "Xcode 3.2";
			developmentRegion = English;
			hasScannedForEncodings = 0;
			knownRegions = (
				en,
				Base,
			);
			mainGroup = 848082D61C21309200EEC8E6;
			productRefGroup = 848082E01C21309200EEC8E6 /* Products */;
			projectDirPath = "";
			projectRoot = "";
			targets = (
				848082DE1C21309200EEC8E6 /* NewsReader */,
			);
		};
/* End PBXProject section */

/* Begin PBXResourcesBuildPhase section */
		848082DD1C21309200EEC8E6 /* Resources */ = {
			isa = PBXResourcesBuildPhase;
			buildActionMask = 2147483647;
			files = (
				848082FE1C21346900EEC8E6 /* Assets.xcassets in Resources */,
				848082ED1C21309200EEC8E6 /* LaunchScreen.storyboard in Resources */,
			);
			runOnlyForDeploymentPostprocessing = 0;
		};
/* End PBXResourcesBuildPhase section */

/* Begin PBXSourcesBuildPhase section */
		848082DB1C21309200EEC8E6 /* Sources */ = {
			isa = PBXSourcesBuildPhase;
			buildActionMask = 2147483647;
			files = (
				848083041C2135A900EEC8E6 /* DCMainPage.swift in Sources */,
				848083021C2134E900EEC8E6 /* ScreenSettingswift.swift in Sources */,
				848082E31C21309200EEC8E6 /* AppDelegate.swift in Sources */,
			);
			runOnlyForDeploymentPostprocessing = 0;
		};
/* End PBXSourcesBuildPhase section */

/* Begin PBXVariantGroup section */
		848082EB1C21309200EEC8E6 /* LaunchScreen.storyboard */ = {
			isa = PBXVariantGroup;
			children = (
				848082EC1C21309200EEC8E6 /* Base */,
			);
			name = LaunchScreen.storyboard;
			sourceTree = "<group>";
		};
/* End PBXVariantGroup section */

/* Begin XCBuildConfiguration section */
		848082EF1C21309200EEC8E6 /* Debug */ = {
			isa = XCBuildConfiguration;
			buildSettings = {
				ALWAYS_SEARCH_USER_PATHS = NO;
				CLANG_CXX_LANGUAGE_STANDARD = "gnu++0x";
				CLANG_CXX_LIBRARY = "libc++";
				CLANG_ENABLE_MODULES = YES;
				CLANG_ENABLE_OBJC_ARC = YES;
				CLANG_WARN_BOOL_CONVERSION = YES;
				CLANG_WARN_CONSTANT_CONVERSION = YES;
				CLANG_WARN_DIRECT_OBJC_ISA_USAGE = YES_ERROR;
				CLANG_WARN_EMPTY_BODY = YES;
				CLANG_WARN_ENUM_CONVERSION = YES;
				CLANG_WARN_INT_CONVERSION = YES;
				CLANG_WARN_OBJC_ROOT_CLASS = YES_ERROR;
				CLANG_WARN_UNREACHABLE_CODE = YES;
				CLANG_WARN__DUPLICATE_METHOD_MATCH = YES;
				"CODE_SIGN_IDENTITY[sdk=iphoneos*]" = "iPhone Developer";
				COPY_PHASE_STRIP = NO;
				DEBUG_INFORMATION_FORMAT = dwarf;
				ENABLE_STRICT_OBJC_MSGSEND = YES;
				ENABLE_TESTABILITY = YES;
				GCC_C_LANGUAGE_STANDARD = gnu99;
				GCC_DYNAMIC_NO_PIC = NO;
				GCC_NO_COMMON_BLOCKS = YES;
				GCC_OPTIMIZATION_LEVEL = 0;
				GCC_PREPROCESSOR_DEFINITIONS = (
					"DEBUG=1",
					"$(inherited)",
				);
				GCC_WARN_64_TO_32_BIT_CONVERSION = YES;
				GCC_WARN_ABOUT_RETURN_TYPE = YES_ERROR;
				GCC_WARN_UNDECLARED_SELECTOR = YES;
				GCC_WARN_UNINITIALIZED_AUTOS = YES_AGGRESSIVE;
				GCC_WARN_UNUSED_FUNCTION = YES;
				GCC_WARN_UNUSED_VARIABLE = YES;
				IPHONEOS_DEPLOYMENT_TARGET = 9.0;
				MTL_ENABLE_DEBUG_INFO = YES;
				ONLY_ACTIVE_ARCH = YES;
				SDKROOT = iphoneos;
				SWIFT_OPTIMIZATION_LEVEL = "-Onone";
			};
			name = Debug;
		};
		848082F01C21309200EEC8E6 /* Release */ = {
			isa = XCBuildConfiguration;
			buildSettings = {
				ALWAYS_SEARCH_USER_PATHS = NO;
				CLANG_CXX_LANGUAGE_STANDARD = "gnu++0x";
				CLANG_CXX_LIBRARY = "libc++";
				CLANG_ENABLE_MODULES = YES;
				CLANG_ENABLE_OBJC_ARC = YES;
				CLANG_WARN_BOOL_CONVERSION = YES;
				CLANG_WARN_CONSTANT_CONVERSION = YES;
				CLANG_WARN_DIRECT_OBJC_ISA_USAGE = YES_ERROR;
				CLANG_WARN_EMPTY_BODY = YES;
				CLANG_WARN_ENUM_CONVERSION = YES;
				CLANG_WARN_INT_CONVERSION = YES;
				CLANG_WARN_OBJC_ROOT_CLASS = YES_ERROR;
				CLANG_WARN_UNREACHABLE_CODE = YES;
				CLANG_WARN__DUPLICATE_METHOD_MATCH = YES;
				"CODE_SIGN_IDENTITY[sdk=iphoneos*]" = "iPhone Developer";
				COPY_PHASE_STRIP = NO;
				DEBUG_INFORMATION_FORMAT = "dwarf-with-dsym";
				ENABLE_NS_ASSERTIONS = NO;
				ENABLE_STRICT_OBJC_MSGSEND = YES;
				GCC_C_LANGUAGE_STANDARD = gnu99;
				GCC_NO_COMMON_BLOCKS = YES;
				GCC_WARN_64_TO_32_BIT_CONVERSION = YES;
				GCC_WARN_ABOUT_RETURN_TYPE = YES_ERROR;
				GCC_WARN_UNDECLARED_SELECTOR = YES;
				GCC_WARN_UNINITIALIZED_AUTOS = YES_AGGRESSIVE;
				GCC_WARN_UNUSED_FUNCTION = YES;
				GCC_WARN_UNUSED_VARIABLE = YES;
				IPHONEOS_DEPLOYMENT_TARGET = 9.0;
				MTL_ENABLE_DEBUG_INFO = NO;
				SDKROOT = iphoneos;
				VALIDATE_PRODUCT = YES;
			};
			name = Release;
		};
		848082F21C21309200EEC8E6 /* Debug */ = {
			isa = XCBuildConfiguration;
			buildSettings = {
				ASSETCATALOG_COMPILER_APPICON_NAME = AppIcon;
				INFOPLIST_FILE = NewsReader/Info.plist;
				LD_RUNPATH_SEARCH_PATHS = "$(inherited) @executable_path/Frameworks";
				PRODUCT_BUNDLE_IDENTIFIER = cn.name.NewsReader;
				PRODUCT_NAME = "$(TARGET_NAME)";
			};
			name = Debug;
		};
		848082F31C21309200EEC8E6 /* Release */ = {
			isa = XCBuildConfiguration;
			buildSettings = {
				ASSETCATALOG_COMPILER_APPICON_NAME = AppIcon;
				INFOPLIST_FILE = NewsReader/Info.plist;
				LD_RUNPATH_SEARCH_PATHS = "$(inherited) @executable_path/Frameworks";
				PRODUCT_BUNDLE_IDENTIFIER = cn.name.NewsReader;
				PRODUCT_NAME = "$(TARGET_NAME)";
			};
			name = Release;
		};
/* End XCBuildConfiguration section */

/* Begin XCConfigurationList section */
		848082DA1C21309200EEC8E6 /* Build configuration list for PBXProject "NewsReader" */ = {
			isa = XCConfigurationList;
			buildConfigurations = (
				848082EF1C21309200EEC8E6 /* Debug */,
				848082F01C21309200EEC8E6 /* Release */,
			);
			defaultConfigurationIsVisible = 0;
			defaultConfigurationName = Release;
		};
		848082F11C21309200EEC8E6 /* Build configuration list for PBXNativeTarget "NewsReader" */ = {
			isa = XCConfigurationList;
			buildConfigurations = (
				848082F21C21309200EEC8E6 /* Debug */,
				848082F31C21309200EEC8E6 /* Release */,
			);
			defaultConfigurationIsVisible = 0;
		};
/* End XCConfigurationList section */
	};
	rootObject = 848082D71C21309200EEC8E6 /* Project object */;
}
